
Microsoft Visual Studio Solution File, Format Version 12.00
# Visual Studio Version 16
VisualStudioVersion = 16.0.30413.136
MinimumVisualStudioVersion = 10.0.40219.1
Project("{FAE04EC0-301F-11D3-BF4B-00C04F79EFBC}") = "FileSort", "FileSort\FileSort.csproj", "{DF25713E-F998-47E0-BB09-09E1CF844AC5}"
EndProject
Project("{FAE04EC0-301F-11D3-BF4B-00C04F79EFBC}") = "FileGenerator", "FileGenerator\FileGenerator.csproj", "{3DBEE841-33BE-46F1-BC62-32AD1120DF1D}"
EndProject
Global
	GlobalSection(SolutionConfigurationPlatforms) = preSolution
		Debug|Any CPU = Debug|Any CPU
		Release|Any CPU = Release|Any CPU
	EndGlobalSection
	GlobalSection(ProjectConfigurationPlatforms) = postSolution
		{DF25713E-F998-47E0-BB09-09E1CF844AC5}.Debug|Any CPU.ActiveCfg = Debug|Any CPU
		{DF25713E-F998-47E0-BB09-09E1CF844AC5}.Debug|Any CPU.Build.0 = Debug|Any CPU
		{DF25713E-F998-47E0-BB09-09E1CF844AC5}.Release|Any CPU.ActiveCfg = Release|Any CPU
		{DF25713E-F998-47E0-BB09-09E1CF844AC5}.Release|Any CPU.Build.0 = Release|Any CPU
		{3DBEE841-33BE-46F1-BC62-32AD1120DF1D}.Debug|Any CPU.ActiveCfg = Debug|Any CPU
		{3DBEE841-33BE-46F1-BC62-32AD1120DF1D}.Debug|Any CPU.Build.0 = Debug|Any CPU
		{3DBEE841-33BE-46F1-BC62-32AD1120DF1D}.Release|Any CPU.ActiveCfg = Release|Any CPU
		{3DBEE841-33BE-46F1-BC62-32AD1120DF1D}.Release|Any CPU.Build.0 = Release|Any CPU
	EndGlobalSection
	GlobalSection(SolutionProperties) = preSolution
		HideSolutionNode = FALSE
	EndGlobalSection
	GlobalSection(ExtensibilityGlobals) = postSolution
		SolutionGuid = {878C61AE-03ED-4605-9AB5-C612B8F5DB26}
	EndGlobalSection
EndGlobal
